dependencies:
- name: rabbitmq
  repository: https://charts.bitnami.com/bitnami
  version: 15.2.1
- name: redis
  repository: https://charts.bitnami.com/bitnami
  version: 20.6.1
- name: redis
  repository: https://charts.bitnami.com/bitnami
  version: 20.6.1
- name: redis
  repository: https://charts.bitnami.com/bitnami
  version: 20.6.1
- name: mongodb
  repository: https://charts.bitnami.com/bitnami
  version: 16.4.0
- name: mongodb
  repository: https://charts.bitnami.com/bitnami
  version: 16.4.0
- name: mongodb
  repository: https://charts.bitnami.com/bitnami
  version: 16.4.0
- name: minio
  repository: https://charts.bitnami.com/bitnami
  version: 14.10.3
- name: kube-prometheus
  repository: https://charts.bitnami.com/bitnami
  version: 10.2.3
- name: grafana
  repository: https://charts.bitnami.com/bitnami
  version: 11.4.2
- name: grafana-loki
  repository: https://charts.bitnami.com/bitnami
  version: 4.7.1
digest: sha256:a7b0f47c5c3512952959cafc512b40e2c3b2134f5624f048d733147fd20776df
generated: "2025-01-16T12:35:43.804759751Z"
