dependencies:
- name: rabbitmq
  repository: https://charts.bitnami.com/bitnami
  version: 15.2.1
- name: redis
  repository: https://charts.bitnami.com/bitnami
  version: 20.6.1
- name: mongodb
  repository: https://charts.bitnami.com/bitnami
  version: 16.4.0
- name: mongodb
  repository: https://charts.bitnami.com/bitnami
  version: 16.4.0
- name: mongodb
  repository: https://charts.bitnami.com/bitnami
  version: 16.4.0
- name: prometheus
  repository: https://charts.bitnami.com/bitnami
  version: 1.4.0
- name: grafana
  repository: https://charts.bitnami.com/bitnami
  version: 11.4.2
digest: sha256:06bb6d0f642af1c0d19a95599876c8cce3429b1a056a6d4a8b4032a63cff9d43
generated: "2025-01-09T15:50:22.455083843Z"
